
Microsoft Visual Studio Solution File, Format Version 12.00
# Visual Studio 15
VisualStudioVersion = 15.0.27004.2009
MinimumVisualStudioVersion = 10.0.40219.1
Project("{8BC9CEB8-8B4A-11D0-8D11-00A0C91BC942}") = "HW5-1_P15", "HW5-1_P15\HW5-1_P15.vcxproj", "{46CA3612-2F88-4DD5-8F70-24799B9676B3}"
EndProject
Global
	GlobalSection(SolutionConfigurationPlatforms) = preSolution
		Debug|x64 = Debug|x64
		Debug|x86 = Debug|x86
		Release|x64 = Release|x64
		Release|x86 = Release|x86
	EndGlobalSection
	GlobalSection(ProjectConfigurationPlatforms) = postSolution
		{46CA3612-2F88-4DD5-8F70-24799B9676B3}.Debug|x64.ActiveCfg = Debug|x64
		{46CA3612-2F88-4DD5-8F70-24799B9676B3}.Debug|x64.Build.0 = Debug|x64
		{46CA3612-2F88-4DD5-8F70-24799B9676B3}.Debug|x86.ActiveCfg = Debug|Win32
		{46CA3612-2F88-4DD5-8F70-24799B9676B3}.Debug|x86.Build.0 = Debug|Win32
		{46CA3612-2F88-4DD5-8F70-24799B9676B3}.Release|x64.ActiveCfg = Release|x64
		{46CA3612-2F88-4DD5-8F70-24799B9676B3}.Release|x64.Build.0 = Release|x64
		{46CA3612-2F88-4DD5-8F70-24799B9676B3}.Release|x86.ActiveCfg = Release|Win32
		{46CA3612-2F88-4DD5-8F70-24799B9676B3}.Release|x86.Build.0 = Release|Win32
	EndGlobalSection
	GlobalSection(SolutionProperties) = preSolution
		HideSolutionNode = FALSE
	EndGlobalSection
	GlobalSection(ExtensibilityGlobals) = postSolution
		SolutionGuid = {C6A488AD-ED42-442E-B2D3-904E1ADDCFB4}
	EndGlobalSection
EndGlobal
